
Microsoft Visual Studio Solution File, Format Version 12.00
# Visual Studio Version 17
VisualStudioVersion = 17.9.34902.65
MinimumVisualStudioVersion = 10.0.40219.1
Project("{9A19103F-16F7-4668-BE54-9A1E7A4F7556}") = "Lab1", "Lab1\Lab1.csproj", "{E0E81D96-B592-4136-B036-639C9D070277}"
EndProject
Project("{9A19103F-16F7-4668-BE54-9A1E7A4F7556}") = "Lab2", "Lab2\Lab2.csproj", "{7FCB17BE-26E1-4784-A9EC-0B073427A2D2}"
EndProject
Project("{9A19103F-16F7-4668-BE54-9A1E7A4F7556}") = "Lab2Bai2", "Lab2Bai2\Lab2Bai2.csproj", "{A532DF4C-5AC4-4C48-A998-0BDCCD05483B}"
EndProject
Project("{9A19103F-16F7-4668-BE54-9A1E7A4F7556}") = "Lab2Bai3", "Lab2Bai3\Lab2Bai3.csproj", "{C5C7EC89-B648-4F5B-B183-BC9296756BF1}"
EndProject
Project("{9A19103F-16F7-4668-BE54-9A1E7A4F7556}") = "Lab2Bai4", "Lab2Bai4\Lab2Bai4.csproj", "{04F9DC72-2731-41D8-B1BB-F92957726E5C}"
EndProject
Project("{9A19103F-16F7-4668-BE54-9A1E7A4F7556}") = "Lab3Bai1", "Lab3Bai1\Lab3Bai1.csproj", "{622374FE-91F5-473F-9E3E-D128CE3B9F9A}"
EndProject
Project("{FAE04EC0-301F-11D3-BF4B-00C04F79EFBC}") = "Lab4Bai1", "Lab4Bai1\Lab4Bai1.csproj", "{4BDEFADC-9BCE-40D4-9C53-29A08AECCBE2}"
EndProject
Global
	GlobalSection(SolutionConfigurationPlatforms) = preSolution
		Debug|Any CPU = Debug|Any CPU
		Release|Any CPU = Release|Any CPU
	EndGlobalSection
	GlobalSection(ProjectConfigurationPlatforms) = postSolution
		{E0E81D96-B592-4136-B036-639C9D070277}.Debug|Any CPU.ActiveCfg = Debug|Any CPU
		{E0E81D96-B592-4136-B036-639C9D070277}.Debug|Any CPU.Build.0 = Debug|Any CPU
		{E0E81D96-B592-4136-B036-639C9D070277}.Release|Any CPU.ActiveCfg = Release|Any CPU
		{E0E81D96-B592-4136-B036-639C9D070277}.Release|Any CPU.Build.0 = Release|Any CPU
		{7FCB17BE-26E1-4784-A9EC-0B073427A2D2}.Debug|Any CPU.ActiveCfg = Debug|Any CPU
		{7FCB17BE-26E1-4784-A9EC-0B073427A2D2}.Debug|Any CPU.Build.0 = Debug|Any CPU
		{7FCB17BE-26E1-4784-A9EC-0B073427A2D2}.Release|Any CPU.ActiveCfg = Release|Any CPU
		{7FCB17BE-26E1-4784-A9EC-0B073427A2D2}.Release|Any CPU.Build.0 = Release|Any CPU
		{A532DF4C-5AC4-4C48-A998-0BDCCD05483B}.Debug|Any CPU.ActiveCfg = Debug|Any CPU
		{A532DF4C-5AC4-4C48-A998-0BDCCD05483B}.Debug|Any CPU.Build.0 = Debug|Any CPU
		{A532DF4C-5AC4-4C48-A998-0BDCCD05483B}.Release|Any CPU.ActiveCfg = Release|Any CPU
		{A532DF4C-5AC4-4C48-A998-0BDCCD05483B}.Release|Any CPU.Build.0 = Release|Any CPU
		{C5C7EC89-B648-4F5B-B183-BC9296756BF1}.Debug|Any CPU.ActiveCfg = Debug|Any CPU
		{C5C7EC89-B648-4F5B-B183-BC9296756BF1}.Debug|Any CPU.Build.0 = Debug|Any CPU
		{C5C7EC89-B648-4F5B-B183-BC9296756BF1}.Release|Any CPU.ActiveCfg = Release|Any CPU
		{C5C7EC89-B648-4F5B-B183-BC9296756BF1}.Release|Any CPU.Build.0 = Release|Any CPU
		{04F9DC72-2731-41D8-B1BB-F92957726E5C}.Debug|Any CPU.ActiveCfg = Debug|Any CPU
		{04F9DC72-2731-41D8-B1BB-F92957726E5C}.Debug|Any CPU.Build.0 = Debug|Any CPU
		{04F9DC72-2731-41D8-B1BB-F92957726E5C}.Release|Any CPU.ActiveCfg = Release|Any CPU
		{04F9DC72-2731-41D8-B1BB-F92957726E5C}.Release|Any CPU.Build.0 = Release|Any CPU
		{622374FE-91F5-473F-9E3E-D128CE3B9F9A}.Debug|Any CPU.ActiveCfg = Debug|Any CPU
		{622374FE-91F5-473F-9E3E-D128CE3B9F9A}.Debug|Any CPU.Build.0 = Debug|Any CPU
		{622374FE-91F5-473F-9E3E-D128CE3B9F9A}.Release|Any CPU.ActiveCfg = Release|Any CPU
		{622374FE-91F5-473F-9E3E-D128CE3B9F9A}.Release|Any CPU.Build.0 = Release|Any CPU
		{4BDEFADC-9BCE-40D4-9C53-29A08AECCBE2}.Debug|Any CPU.ActiveCfg = Debug|Any CPU
		{4BDEFADC-9BCE-40D4-9C53-29A08AECCBE2}.Debug|Any CPU.Build.0 = Debug|Any CPU
		{4BDEFADC-9BCE-40D4-9C53-29A08AECCBE2}.Release|Any CPU.ActiveCfg = Release|Any CPU
		{4BDEFADC-9BCE-40D4-9C53-29A08AECCBE2}.Release|Any CPU.Build.0 = Release|Any CPU
	EndGlobalSection
	GlobalSection(SolutionProperties) = preSolution
		HideSolutionNode = FALSE
	EndGlobalSection
	GlobalSection(ExtensibilityGlobals) = postSolution
		SolutionGuid = {EA8F8EC4-38FE-4EE2-961A-DA07753BCDBB}
	EndGlobalSection
EndGlobal
